// !$*UTF8*$!
{
	archiveVersion = 1;
	classes = {
	};
	objectVersion = 56;
	objects = {

/* Begin PBXBuildFile section */
		AD1325A72B5D2AA8009E01A8 /* String+Extension.swift in Sources */ = {isa = PBXBuildFile; fileRef = AD1325A62B5D2AA8009E01A8 /* String+Extension.swift */; };
		AD1325A92B5D32D7009E01A8 /* Constants.swift in Sources */ = {isa = PBXBuildFile; fileRef = AD1325A82B5D32D7009E01A8 /* Constants.swift */; };
		AD27358D2B5D9E700009C8F1 /* CachedAsyncImage.swift in Sources */ = {isa = PBXBuildFile; fileRef = AD27358C2B5D9E700009C8F1 /* CachedAsyncImage.swift */; };
		AD8A92DB2B5D0EC500A95D4E /* MovieDetailView.swift in Sources */ = {isa = PBXBuildFile; fileRef = AD8A92DA2B5D0EC500A95D4E /* MovieDetailView.swift */; };
		AD8A92E02B5D116900A95D4E /* JatAppTmdbTests.swift in Sources */ = {isa = PBXBuildFile; fileRef = ADC635F62B5C10D500311DF9 /* JatAppTmdbTests.swift */; };
		ADC635E52B5C10D400311DF9 /* JatAppTmdbApp.swift in Sources */ = {isa = PBXBuildFile; fileRef = ADC635E42B5C10D400311DF9 /* JatAppTmdbApp.swift */; };
		ADC635E72B5C10D400311DF9 /* ContentView.swift in Sources */ = {isa = PBXBuildFile; fileRef = ADC635E62B5C10D400311DF9 /* ContentView.swift */; };
		ADC635E92B5C10D500311DF9 /* Assets.xcassets in Resources */ = {isa = PBXBuildFile; fileRef = ADC635E82B5C10D500311DF9 /* Assets.xcassets */; };
		ADC635ED2B5C10D500311DF9 /* Preview Assets.xcassets in Resources */ = {isa = PBXBuildFile; fileRef = ADC635EC2B5C10D500311DF9 /* Preview Assets.xcassets */; };
		ADC636132B5C11F500311DF9 /* Environment.swift in Sources */ = {isa = PBXBuildFile; fileRef = ADC636122B5C11F500311DF9 /* Environment.swift */; };
		ADC636152B5C120000311DF9 /* HttpClient.swift in Sources */ = {isa = PBXBuildFile; fileRef = ADC636142B5C120000311DF9 /* HttpClient.swift */; };
		ADC636182B5C127100311DF9 /* CombineSchedulers in Frameworks */ = {isa = PBXBuildFile; productRef = ADC636172B5C127100311DF9 /* CombineSchedulers */; };
		ADC6361A2B5C162200311DF9 /* MoviesView.swift in Sources */ = {isa = PBXBuildFile; fileRef = ADC636192B5C162200311DF9 /* MoviesView.swift */; };
		ADC6361C2B5C179F00311DF9 /* ApiModels.swift in Sources */ = {isa = PBXBuildFile; fileRef = ADC6361B2B5C179F00311DF9 /* ApiModels.swift */; };
/* End PBXBuildFile section */

/* Begin PBXContainerItemProxy section */
		ADC635F32B5C10D500311DF9 /* PBXContainerItemProxy */ = {
			isa = PBXContainerItemProxy;
			containerPortal = ADC635D92B5C10D400311DF9 /* Project object */;
			proxyType = 1;
			remoteGlobalIDString = ADC635E02B5C10D400311DF9;
			remoteInfo = JatAppTmdb;
		};
		ADC635FD2B5C10D500311DF9 /* PBXContainerItemProxy */ = {
			isa = PBXContainerItemProxy;
			containerPortal = ADC635D92B5C10D400311DF9 /* Project object */;
			proxyType = 1;
			remoteGlobalIDString = ADC635E02B5C10D400311DF9;
			remoteInfo = JatAppTmdb;
		};
/* End PBXContainerItemProxy section */

/* Begin PBXFileReference section */
		AD1325A62B5D2AA8009E01A8 /* String+Extension.swift */ = {isa = PBXFileReference; lastKnownFileType = sourcecode.swift; path = "String+Extension.swift"; sourceTree = "<group>"; };
		AD1325A82B5D32D7009E01A8 /* Constants.swift */ = {isa = PBXFileReference; lastKnownFileType = sourcecode.swift; path = Constants.swift; sourceTree = "<group>"; };
		AD27358C2B5D9E700009C8F1 /* CachedAsyncImage.swift */ = {isa = PBXFileReference; lastKnownFileType = sourcecode.swift; path = CachedAsyncImage.swift; sourceTree = "<group>"; };
		AD8A92DA2B5D0EC500A95D4E /* MovieDetailView.swift */ = {isa = PBXFileReference; lastKnownFileType = sourcecode.swift; path = MovieDetailView.swift; sourceTree = "<group>"; };
		ADC635E12B5C10D400311DF9 /* JatAppTmdb.app */ = {isa = PBXFileReference; explicitFileType = wrapper.application; includeInIndex = 0; path = JatAppTmdb.app; sourceTree = BUILT_PRODUCTS_DIR; };
		ADC635E42B5C10D400311DF9 /* JatAppTmdbApp.swift */ = {isa = PBXFileReference; lastKnownFileType = sourcecode.swift; path = JatAppTmdbApp.swift; sourceTree = "<group>"; };
		ADC635E62B5C10D400311DF9 /* ContentView.swift */ = {isa = PBXFileReference; lastKnownFileType = sourcecode.swift; path = ContentView.swift; sourceTree = "<group>"; };
		ADC635E82B5C10D500311DF9 /* Assets.xcassets */ = {isa = PBXFileReference; lastKnownFileType = folder.assetcatalog; path = Assets.xcassets; sourceTree = "<group>"; };
		ADC635EA2B5C10D500311DF9 /* JatAppTmdb.entitlements */ = {isa = PBXFileReference; lastKnownFileType = text.plist.entitlements; path = JatAppTmdb.entitlements; sourceTree = "<group>"; };
		ADC635EC2B5C10D500311DF9 /* Preview Assets.xcassets */ = {isa = PBXFileReference; lastKnownFileType = folder.assetcatalog; path = "Preview Assets.xcassets"; sourceTree = "<group>"; };
		ADC635F22B5C10D500311DF9 /* JatAppTmdbTests.xctest */ = {isa = PBXFileReference; explicitFileType = wrapper.cfbundle; includeInIndex = 0; path = JatAppTmdbTests.xctest; sourceTree = BUILT_PRODUCTS_DIR; };
		ADC635F62B5C10D500311DF9 /* JatAppTmdbTests.swift */ = {isa = PBXFileReference; lastKnownFileType = sourcecode.swift; path = JatAppTmdbTests.swift; sourceTree = "<group>"; };
		ADC635FC2B5C10D500311DF9 /* JatAppTmdbUITests.xctest */ = {isa = PBXFileReference; explicitFileType = wrapper.cfbundle; includeInIndex = 0; path = JatAppTmdbUITests.xctest; sourceTree = BUILT_PRODUCTS_DIR; };
		ADC636122B5C11F500311DF9 /* Environment.swift */ = {isa = PBXFileReference; lastKnownFileType = sourcecode.swift; path = Environment.swift; sourceTree = "<group>"; };
		ADC636142B5C120000311DF9 /* HttpClient.swift */ = {isa = PBXFileReference; indentWidth = 2; lastKnownFileType = sourcecode.swift; path = HttpClient.swift; sourceTree = "<group>"; tabWidth = 2; };
		ADC636192B5C162200311DF9 /* MoviesView.swift */ = {isa = PBXFileReference; lastKnownFileType = sourcecode.swift; path = MoviesView.swift; sourceTree = "<group>"; };
		ADC6361B2B5C179F00311DF9 /* ApiModels.swift */ = {isa = PBXFileReference; lastKnownFileType = sourcecode.swift; path = ApiModels.swift; sourceTree = "<group>"; };
/* End PBXFileReference section */

/* Begin PBXFrameworksBuildPhase section */
		ADC635DE2B5C10D400311DF9 /* Frameworks */ = {
			isa = PBXFrameworksBuildPhase;
			buildActionMask = 2147483647;
			files = (
				ADC636182B5C127100311DF9 /* CombineSchedulers in Frameworks */,
			);
			runOnlyForDeploymentPostprocessing = 0;
		};
		ADC635EF2B5C10D500311DF9 /* Frameworks */ = {
			isa = PBXFrameworksBuildPhase;
			buildActionMask = 2147483647;
			files = (
			);
			runOnlyForDeploymentPostprocessing = 0;
		};
		ADC635F92B5C10D500311DF9 /* Frameworks */ = {
			isa = PBXFrameworksBuildPhase;
			buildActionMask = 2147483647;
			files = (
			);
			runOnlyForDeploymentPostprocessing = 0;
		};
/* End PBXFrameworksBuildPhase section */

/* Begin PBXGroup section */
		AD1325A52B5D2A4C009E01A8 /* Extensions */ = {
			isa = PBXGroup;
			children = (
				AD1325A62B5D2AA8009E01A8 /* String+Extension.swift */,
			);
			path = Extensions;
			sourceTree = "<group>";
		};
		AD27358B2B5D9E560009C8F1 /* Util */ = {
			isa = PBXGroup;
			children = (
				AD27358C2B5D9E700009C8F1 /* CachedAsyncImage.swift */,
			);
			path = Util;
			sourceTree = "<group>";
		};
		ADC635D82B5C10D400311DF9 = {
			isa = PBXGroup;
			children = (
				ADC635E32B5C10D400311DF9 /* JatAppTmdb */,
				ADC635F52B5C10D500311DF9 /* JatAppTmdbTests */,
				ADC635E22B5C10D400311DF9 /* Products */,
			);
			indentWidth = 2;
			sourceTree = "<group>";
			tabWidth = 2;
		};
		ADC635E22B5C10D400311DF9 /* Products */ = {
			isa = PBXGroup;
			children = (
				ADC635E12B5C10D400311DF9 /* JatAppTmdb.app */,
				ADC635F22B5C10D500311DF9 /* JatAppTmdbTests.xctest */,
				ADC635FC2B5C10D500311DF9 /* JatAppTmdbUITests.xctest */,
			);
			name = Products;
			sourceTree = "<group>";
		};
		ADC635E32B5C10D400311DF9 /* JatAppTmdb */ = {
			isa = PBXGroup;
			children = (
				ADC636102B5C111600311DF9 /* API */,
				ADC636112B5C113200311DF9 /* Environment */,
				AD1325A52B5D2A4C009E01A8 /* Extensions */,
				AD27358B2B5D9E560009C8F1 /* Util */,
				ADC6360F2B5C110C00311DF9 /* Views */,
				ADC635E42B5C10D400311DF9 /* JatAppTmdbApp.swift */,
				ADC635E62B5C10D400311DF9 /* ContentView.swift */,
				ADC635E82B5C10D500311DF9 /* Assets.xcassets */,
				ADC635EA2B5C10D500311DF9 /* JatAppTmdb.entitlements */,
				ADC635EB2B5C10D500311DF9 /* Preview Content */,
			);
			path = JatAppTmdb;
			sourceTree = "<group>";
		};
		ADC635EB2B5C10D500311DF9 /* Preview Content */ = {
			isa = PBXGroup;
			children = (
				ADC635EC2B5C10D500311DF9 /* Preview Assets.xcassets */,
			);
			path = "Preview Content";
			sourceTree = "<group>";
		};
		ADC635F52B5C10D500311DF9 /* JatAppTmdbTests */ = {
			isa = PBXGroup;
			children = (
				ADC635F62B5C10D500311DF9 /* JatAppTmdbTests.swift */,
			);
			path = JatAppTmdbTests;
			sourceTree = "<group>";
		};
		ADC6360F2B5C110C00311DF9 /* Views */ = {
			isa = PBXGroup;
			children = (
				ADC636192B5C162200311DF9 /* MoviesView.swift */,
				AD8A92DA2B5D0EC500A95D4E /* MovieDetailView.swift */,
			);
			path = Views;
			sourceTree = "<group>";
		};
		ADC636102B5C111600311DF9 /* API */ = {
			isa = PBXGroup;
			children = (
				ADC6361B2B5C179F00311DF9 /* ApiModels.swift */,
			);
			path = API;
			sourceTree = "<group>";
		};
		ADC636112B5C113200311DF9 /* Environment */ = {
			isa = PBXGroup;
			children = (
				ADC636122B5C11F500311DF9 /* Environment.swift */,
				ADC636142B5C120000311DF9 /* HttpClient.swift */,
				AD1325A82B5D32D7009E01A8 /* Constants.swift */,
			);
			path = Environment;
			sourceTree = "<group>";
		};
/* End PBXGroup section */

/* Begin PBXNativeTarget section */
		ADC635E02B5C10D400311DF9 /* JatAppTmdb */ = {
			isa = PBXNativeTarget;
			buildConfigurationList = ADC636062B5C10D500311DF9 /* Build configuration list for PBXNativeTarget "JatAppTmdb" */;
			buildPhases = (
				ADC635DD2B5C10D400311DF9 /* Sources */,
				ADC635DE2B5C10D400311DF9 /* Frameworks */,
				ADC635DF2B5C10D400311DF9 /* Resources */,
			);
			buildRules = (
			);
			dependencies = (
			);
			name = JatAppTmdb;
			packageProductDependencies = (
				ADC636172B5C127100311DF9 /* CombineSchedulers */,
			);
			productName = JatAppTmdb;
			productReference = ADC635E12B5C10D400311DF9 /* JatAppTmdb.app */;
			productType = "com.apple.product-type.application";
		};
		ADC635F12B5C10D500311DF9 /* JatAppTmdbTests */ = {
			isa = PBXNativeTarget;
			buildConfigurationList = ADC636092B5C10D500311DF9 /* Build configuration list for PBXNativeTarget "JatAppTmdbTests" */;
			buildPhases = (
				ADC635EE2B5C10D500311DF9 /* Sources */,
				ADC635EF2B5C10D500311DF9 /* Frameworks */,
				ADC635F02B5C10D500311DF9 /* Resources */,
			);
			buildRules = (
			);
			dependencies = (
				ADC635F42B5C10D500311DF9 /* PBXTargetDependency */,
			);
			name = JatAppTmdbTests;
			productName = JatAppTmdbTests;
			productReference = ADC635F22B5C10D500311DF9 /* JatAppTmdbTests.xctest */;
			productType = "com.apple.product-type.bundle.unit-test";
		};
		ADC635FB2B5C10D500311DF9 /* JatAppTmdbUITests */ = {
			isa = PBXNativeTarget;
			buildConfigurationList = ADC6360C2B5C10D500311DF9 /* Build configuration list for PBXNativeTarget "JatAppTmdbUITests" */;
			buildPhases = (
				ADC635F82B5C10D500311DF9 /* Sources */,
				ADC635F92B5C10D500311DF9 /* Frameworks */,
				ADC635FA2B5C10D500311DF9 /* Resources */,
			);
			buildRules = (
			);
			dependencies = (
				ADC635FE2B5C10D500311DF9 /* PBXTargetDependency */,
			);
			name = JatAppTmdbUITests;
			productName = JatAppTmdbUITests;
			productReference = ADC635FC2B5C10D500311DF9 /* JatAppTmdbUITests.xctest */;
			productType = "com.apple.product-type.bundle.ui-testing";
		};
/* End PBXNativeTarget section */

/* Begin PBXProject section */
		ADC635D92B5C10D400311DF9 /* Project object */ = {
			isa = PBXProject;
			attributes = {
				BuildIndependentTargetsInParallel = 1;
				LastSwiftUpdateCheck = 1520;
				LastUpgradeCheck = 1520;
				TargetAttributes = {
					ADC635E02B5C10D400311DF9 = {
						CreatedOnToolsVersion = 15.2;
					};
					ADC635F12B5C10D500311DF9 = {
						CreatedOnToolsVersion = 15.2;
						TestTargetID = ADC635E02B5C10D400311DF9;
					};
					ADC635FB2B5C10D500311DF9 = {
						CreatedOnToolsVersion = 15.2;
						TestTargetID = ADC635E02B5C10D400311DF9;
					};
				};
			};
			buildConfigurationList = ADC635DC2B5C10D400311DF9 /* Build configuration list for PBXProject "JatAppTmdb" */;
			compatibilityVersion = "Xcode 14.0";
			developmentRegion = en;
			hasScannedForEncodings = 0;
			knownRegions = (
				en,
				Base,
			);
			mainGroup = ADC635D82B5C10D400311DF9;
			packageReferences = (
				ADC636162B5C127100311DF9 /* XCRemoteSwiftPackageReference "combine-schedulers" */,
			);
			productRefGroup = ADC635E22B5C10D400311DF9 /* Products */;
			projectDirPath = "";
			projectRoot = "";
			targets = (
				ADC635E02B5C10D400311DF9 /* JatAppTmdb */,
				ADC635F12B5C10D500311DF9 /* JatAppTmdbTests */,
				ADC635FB2B5C10D500311DF9 /* JatAppTmdbUITests */,
			);
		};
/* End PBXProject section */

/* Begin PBXResourcesBuildPhase section */
		ADC635DF2B5C10D400311DF9 /* Resources */ = {
			isa = PBXResourcesBuildPhase;
			buildActionMask = 2147483647;
			files = (
				ADC635ED2B5C10D500311DF9 /* Preview Assets.xcassets in Resources */,
				ADC635E92B5C10D500311DF9 /* Assets.xcassets in Resources */,
			);
			runOnlyForDeploymentPostprocessing = 0;
		};
		ADC635F02B5C10D500311DF9 /* Resources */ = {
			isa = PBXResourcesBuildPhase;
			buildActionMask = 2147483647;
			files = (
			);
			runOnlyForDeploymentPostprocessing = 0;
		};
		ADC635FA2B5C10D500311DF9 /* Resources */ = {
			isa = PBXResourcesBuildPhase;
			buildActionMask = 2147483647;
			files = (
			);
			runOnlyForDeploymentPostprocessing = 0;
		};
/* End PBXResourcesBuildPhase section */

/* Begin PBXSourcesBuildPhase section */
		ADC635DD2B5C10D400311DF9 /* Sources */ = {
			isa = PBXSourcesBuildPhase;
			buildActionMask = 2147483647;
			files = (
				AD1325A72B5D2AA8009E01A8 /* String+Extension.swift in Sources */,
				ADC6361C2B5C179F00311DF9 /* ApiModels.swift in Sources */,
				ADC6361A2B5C162200311DF9 /* MoviesView.swift in Sources */,
				ADC635E72B5C10D400311DF9 /* ContentView.swift in Sources */,
				ADC636132B5C11F500311DF9 /* Environment.swift in Sources */,
				ADC636152B5C120000311DF9 /* HttpClient.swift in Sources */,
				ADC635E52B5C10D400311DF9 /* JatAppTmdbApp.swift in Sources */,
				AD8A92DB2B5D0EC500A95D4E /* MovieDetailView.swift in Sources */,
				AD27358D2B5D9E700009C8F1 /* CachedAsyncImage.swift in Sources */,
				AD1325A92B5D32D7009E01A8 /* Constants.swift in Sources */,
			);
			runOnlyForDeploymentPostprocessing = 0;
		};
		ADC635EE2B5C10D500311DF9 /* Sources */ = {
			isa = PBXSourcesBuildPhase;
			buildActionMask = 2147483647;
			files = (
				AD8A92E02B5D116900A95D4E /* JatAppTmdbTests.swift in Sources */,
			);
			runOnlyForDeploymentPostprocessing = 0;
		};
		ADC635F82B5C10D500311DF9 /* Sources */ = {
			isa = PBXSourcesBuildPhase;
			buildActionMask = 2147483647;
			files = (
			);
			runOnlyForDeploymentPostprocessing = 0;
		};
/* End PBXSourcesBuildPhase section */

/* Begin PBXTargetDependency section */
		ADC635F42B5C10D500311DF9 /* PBXTargetDependency */ = {
			isa = PBXTargetDependency;
			target = ADC635E02B5C10D400311DF9 /* JatAppTmdb */;
			targetProxy = ADC635F32B5C10D500311DF9 /* PBXContainerItemProxy */;
		};
		ADC635FE2B5C10D500311DF9 /* PBXTargetDependency */ = {
			isa = PBXTargetDependency;
			target = ADC635E02B5C10D400311DF9 /* JatAppTmdb */;
			targetProxy = ADC635FD2B5C10D500311DF9 /* PBXContainerItemProxy */;
		};
/* End PBXTargetDependency section */

/* Begin XCBuildConfiguration section */
		ADC636042B5C10D500311DF9 /* Debug */ = {
			isa = XCBuildConfiguration;
			buildSettings = {
				ALWAYS_SEARCH_USER_PATHS = NO;
				ASSETCATALOG_COMPILER_GENERATE_SWIFT_ASSET_SYMBOL_EXTENSIONS = YES;
				CLANG_ANALYZER_NONNULL = YES;
				CLANG_ANALYZER_NUMBER_OBJECT_CONVERSION = YES_AGGRESSIVE;
				CLANG_CXX_LANGUAGE_STANDARD = "gnu++20";
				CLANG_ENABLE_MODULES = YES;
				CLANG_ENABLE_OBJC_ARC = YES;
				CLANG_ENABLE_OBJC_WEAK = YES;
				CLANG_WARN_BLOCK_CAPTURE_AUTORELEASING = YES;
				CLANG_WARN_BOOL_CONVERSION = YES;
				CLANG_WARN_COMMA = YES;
				CLANG_WARN_CONSTANT_CONVERSION = YES;
				CLANG_WARN_DEPRECATED_OBJC_IMPLEMENTATIONS = YES;
				CLANG_WARN_DIRECT_OBJC_ISA_USAGE = YES_ERROR;
				CLANG_WARN_DOCUMENTATION_COMMENTS = YES;
				CLANG_WARN_EMPTY_BODY = YES;
				CLANG_WARN_ENUM_CONVERSION = YES;
				CLANG_WARN_INFINITE_RECURSION = YES;
				CLANG_WARN_INT_CONVERSION = YES;
				CLANG_WARN_NON_LITERAL_NULL_CONVERSION = YES;
				CLANG_WARN_OBJC_IMPLICIT_RETAIN_SELF = YES;
				CLANG_WARN_OBJC_LITERAL_CONVERSION = YES;
				CLANG_WARN_OBJC_ROOT_CLASS = YES_ERROR;
				CLANG_WARN_QUOTED_INCLUDE_IN_FRAMEWORK_HEADER = YES;
				CLANG_WARN_RANGE_LOOP_ANALYSIS = YES;
				CLANG_WARN_STRICT_PROTOTYPES = YES;
				CLANG_WARN_SUSPICIOUS_MOVE = YES;
				CLANG_WARN_UNGUARDED_AVAILABILITY = YES_AGGRESSIVE;
				CLANG_WARN_UNREACHABLE_CODE = YES;
				CLANG_WARN__DUPLICATE_METHOD_MATCH = YES;
				COPY_PHASE_STRIP = NO;
				DEBUG_INFORMATION_FORMAT = dwarf;
				ENABLE_STRICT_OBJC_MSGSEND = YES;
				ENABLE_TESTABILITY = YES;
				ENABLE_USER_SCRIPT_SANDBOXING = YES;
				GCC_C_LANGUAGE_STANDARD = gnu17;
				GCC_DYNAMIC_NO_PIC = NO;
				GCC_NO_COMMON_BLOCKS = YES;
				GCC_OPTIMIZATION_LEVEL = 0;
				GCC_PREPROCESSOR_DEFINITIONS = (
					"DEBUG=1",
					"$(inherited)",
				);
				GCC_WARN_64_TO_32_BIT_CONVERSION = YES;
				GCC_WARN_ABOUT_RETURN_TYPE = YES_ERROR;
				GCC_WARN_UNDECLARED_SELECTOR = YES;
				GCC_WARN_UNINITIALIZED_AUTOS = YES_AGGRESSIVE;
				GCC_WARN_UNUSED_FUNCTION = YES;
				GCC_WARN_UNUSED_VARIABLE = YES;
				LOCALIZATION_PREFERS_STRING_CATALOGS = YES;
				MTL_ENABLE_DEBUG_INFO = INCLUDE_SOURCE;
				MTL_FAST_MATH = YES;
				ONLY_ACTIVE_ARCH = YES;
				SWIFT_ACTIVE_COMPILATION_CONDITIONS = "DEBUG $(inherited)";
				SWIFT_OPTIMIZATION_LEVEL = "-Onone";
			};
			name = Debug;
		};
		ADC636052B5C10D500311DF9 /* Release */ = {
			isa = XCBuildConfiguration;
			buildSettings = {
				ALWAYS_SEARCH_USER_PATHS = NO;
				ASSETCATALOG_COMPILER_GENERATE_SWIFT_ASSET_SYMBOL_EXTENSIONS = YES;
				CLANG_ANALYZER_NONNULL = YES;
				CLANG_ANALYZER_NUMBER_OBJECT_CONVERSION = YES_AGGRESSIVE;
				CLANG_CXX_LANGUAGE_STANDARD = "gnu++20";
				CLANG_ENABLE_MODULES = YES;
				CLANG_ENABLE_OBJC_ARC = YES;
				CLANG_ENABLE_OBJC_WEAK = YES;
				CLANG_WARN_BLOCK_CAPTURE_AUTORELEASING = YES;
				CLANG_WARN_BOOL_CONVERSION = YES;
				CLANG_WARN_COMMA = YES;
				CLANG_WARN_CONSTANT_CONVERSION = YES;
				CLANG_WARN_DEPRECATED_OBJC_IMPLEMENTATIONS = YES;
				CLANG_WARN_DIRECT_OBJC_ISA_USAGE = YES_ERROR;
				CLANG_WARN_DOCUMENTATION_COMMENTS = YES;
				CLANG_WARN_EMPTY_BODY = YES;
				CLANG_WARN_ENUM_CONVERSION = YES;
				CLANG_WARN_INFINITE_RECURSION = YES;
				CLANG_WARN_INT_CONVERSION = YES;
				CLANG_WARN_NON_LITERAL_NULL_CONVERSION = YES;
				CLANG_WARN_OBJC_IMPLICIT_RETAIN_SELF = YES;
				CLANG_WARN_OBJC_LITERAL_CONVERSION = YES;
				CLANG_WARN_OBJC_ROOT_CLASS = YES_ERROR;
				CLANG_WARN_QUOTED_INCLUDE_IN_FRAMEWORK_HEADER = YES;
				CLANG_WARN_RANGE_LOOP_ANALYSIS = YES;
				CLANG_WARN_STRICT_PROTOTYPES = YES;
				CLANG_WARN_SUSPICIOUS_MOVE = YES;
				CLANG_WARN_UNGUARDED_AVAILABILITY = YES_AGGRESSIVE;
				CLANG_WARN_UNREACHABLE_CODE = YES;
				CLANG_WARN__DUPLICATE_METHOD_MATCH = YES;
				COPY_PHASE_STRIP = NO;
				DEBUG_INFORMATION_FORMAT = "dwarf-with-dsym";
				ENABLE_NS_ASSERTIONS = NO;
				ENABLE_STRICT_OBJC_MSGSEND = YES;
				ENABLE_USER_SCRIPT_SANDBOXING = YES;
				GCC_C_LANGUAGE_STANDARD = gnu17;
				GCC_NO_COMMON_BLOCKS = YES;
				GCC_WARN_64_TO_32_BIT_CONVERSION = YES;
				GCC_WARN_ABOUT_RETURN_TYPE = YES_ERROR;
				GCC_WARN_UNDECLARED_SELECTOR = YES;
				GCC_WARN_UNINITIALIZED_AUTOS = YES_AGGRESSIVE;
				GCC_WARN_UNUSED_FUNCTION = YES;
				GCC_WARN_UNUSED_VARIABLE = YES;
				LOCALIZATION_PREFERS_STRING_CATALOGS = YES;
				MTL_ENABLE_DEBUG_INFO = NO;
				MTL_FAST_MATH = YES;
				SWIFT_COMPILATION_MODE = wholemodule;
			};
			name = Release;
		};
		ADC636072B5C10D500311DF9 /* Debug */ = {
			isa = XCBuildConfiguration;
			buildSettings = {
				ASSETCATALOG_COMPILER_APPICON_NAME = AppIcon;
				ASSETCATALOG_COMPILER_GLOBAL_ACCENT_COLOR_NAME = AccentColor;
				CODE_SIGN_ENTITLEMENTS = JatAppTmdb/JatAppTmdb.entitlements;
				CODE_SIGN_STYLE = Automatic;
				CURRENT_PROJECT_VERSION = 1;
				DEVELOPMENT_ASSET_PATHS = "\"JatAppTmdb/Preview Content\"";
				ENABLE_PREVIEWS = YES;
				GENERATE_INFOPLIST_FILE = YES;
				"INFOPLIST_KEY_UIApplicationSceneManifest_Generation[sdk=iphoneos*]" = YES;
				"INFOPLIST_KEY_UIApplicationSceneManifest_Generation[sdk=iphonesimulator*]" = YES;
				"INFOPLIST_KEY_UIApplicationSupportsIndirectInputEvents[sdk=iphoneos*]" = YES;
				"INFOPLIST_KEY_UIApplicationSupportsIndirectInputEvents[sdk=iphonesimulator*]" = YES;
				"INFOPLIST_KEY_UILaunchScreen_Generation[sdk=iphoneos*]" = YES;
				"INFOPLIST_KEY_UILaunchScreen_Generation[sdk=iphonesimulator*]" = YES;
				"INFOPLIST_KEY_UIStatusBarStyle[sdk=iphoneos*]" = UIStatusBarStyleDefault;
				"INFOPLIST_KEY_UIStatusBarStyle[sdk=iphonesimulator*]" = UIStatusBarStyleDefault;
				INFOPLIST_KEY_UISupportedInterfaceOrientations_iPad = "UIInterfaceOrientationPortrait UIInterfaceOrientationPortraitUpsideDown UIInterfaceOrientationLandscapeLeft UIInterfaceOrientationLandscapeRight";
				INFOPLIST_KEY_UISupportedInterfaceOrientations_iPhone = "UIInterfaceOrientationPortrait UIInterfaceOrientationLandscapeLeft UIInterfaceOrientationLandscapeRight";
				IPHONEOS_DEPLOYMENT_TARGET = 15.0;
				LD_RUNPATH_SEARCH_PATHS = "@executable_path/Frameworks";
				"LD_RUNPATH_SEARCH_PATHS[sdk=macosx*]" = "@executable_path/../Frameworks";
				MACOSX_DEPLOYMENT_TARGET = 14.2;
				MARKETING_VERSION = 1.0;
				PRODUCT_BUNDLE_IDENTIFIER = com.jatapp.interview.JatAppTmdb;
				PRODUCT_NAME = "$(TARGET_NAME)";
				SDKROOT = auto;
				SUPPORTED_PLATFORMS = "iphoneos iphonesimulator";
				SUPPORTS_MACCATALYST = NO;
				SWIFT_EMIT_LOC_STRINGS = YES;
				SWIFT_VERSION = 5.0;
				TARGETED_DEVICE_FAMILY = 1;
			};
			name = Debug;
		};
		ADC636082B5C10D500311DF9 /* Release */ = {
			isa = XCBuildConfiguration;
			buildSettings = {
				ASSETCATALOG_COMPILER_APPICON_NAME = AppIcon;
				ASSETCATALOG_COMPILER_GLOBAL_ACCENT_COLOR_NAME = AccentColor;
				CODE_SIGN_ENTITLEMENTS = JatAppTmdb/JatAppTmdb.entitlements;
				CODE_SIGN_STYLE = Automatic;
				CURRENT_PROJECT_VERSION = 1;
				DEVELOPMENT_ASSET_PATHS = "\"JatAppTmdb/Preview Content\"";
				ENABLE_PREVIEWS = YES;
				GENERATE_INFOPLIST_FILE = YES;
				"INFOPLIST_KEY_UIApplicationSceneManifest_Generation[sdk=iphoneos*]" = YES;
				"INFOPLIST_KEY_UIApplicationSceneManifest_Generation[sdk=iphonesimulator*]" = YES;
				"INFOPLIST_KEY_UIApplicationSupportsIndirectInputEvents[sdk=iphoneos*]" = YES;
				"INFOPLIST_KEY_UIApplicationSupportsIndirectInputEvents[sdk=iphonesimulator*]" = YES;
				"INFOPLIST_KEY_UILaunchScreen_Generation[sdk=iphoneos*]" = YES;
				"INFOPLIST_KEY_UILaunchScreen_Generation[sdk=iphonesimulator*]" = YES;
				"INFOPLIST_KEY_UIStatusBarStyle[sdk=iphoneos*]" = UIStatusBarStyleDefault;
				"INFOPLIST_KEY_UIStatusBarStyle[sdk=iphonesimulator*]" = UIStatusBarStyleDefault;
				INFOPLIST_KEY_UISupportedInterfaceOrientations_iPad = "UIInterfaceOrientationPortrait UIInterfaceOrientationPortraitUpsideDown UIInterfaceOrientationLandscapeLeft UIInterfaceOrientationLandscapeRight";
				INFOPLIST_KEY_UISupportedInterfaceOrientations_iPhone = "UIInterfaceOrientationPortrait UIInterfaceOrientationLandscapeLeft UIInterfaceOrientationLandscapeRight";
				IPHONEOS_DEPLOYMENT_TARGET = 15.0;
				LD_RUNPATH_SEARCH_PATHS = "@executable_path/Frameworks";
				"LD_RUNPATH_SEARCH_PATHS[sdk=macosx*]" = "@executable_path/../Frameworks";
				MACOSX_DEPLOYMENT_TARGET = 14.2;
				MARKETING_VERSION = 1.0;
				PRODUCT_BUNDLE_IDENTIFIER = com.jatapp.interview.JatAppTmdb;
				PRODUCT_NAME = "$(TARGET_NAME)";
				SDKROOT = auto;
				SUPPORTED_PLATFORMS = "iphoneos iphonesimulator";
				SUPPORTS_MACCATALYST = NO;
				SWIFT_EMIT_LOC_STRINGS = YES;
				SWIFT_VERSION = 5.0;
				TARGETED_DEVICE_FAMILY = 1;
			};
			name = Release;
		};
		ADC6360A2B5C10D500311DF9 /* Debug */ = {
			isa = XCBuildConfiguration;
			buildSettings = {
				ALWAYS_EMBED_SWIFT_STANDARD_LIBRARIES = YES;
				BUNDLE_LOADER = "$(TEST_HOST)";
				CODE_SIGN_STYLE = Automatic;
				CURRENT_PROJECT_VERSION = 1;
				GENERATE_INFOPLIST_FILE = YES;
				IPHONEOS_DEPLOYMENT_TARGET = 17.2;
				MACOSX_DEPLOYMENT_TARGET = 14.2;
				MARKETING_VERSION = 1.0;
				PRODUCT_BUNDLE_IDENTIFIER = com.jatapp.interview.JatAppTmdbTests;
				PRODUCT_NAME = "$(TARGET_NAME)";
				SDKROOT = auto;
				SUPPORTED_PLATFORMS = "iphoneos iphonesimulator macosx";
				SWIFT_EMIT_LOC_STRINGS = NO;
				SWIFT_VERSION = 5.0;
				TARGETED_DEVICE_FAMILY = "1,2";
				TEST_HOST = "$(BUILT_PRODUCTS_DIR)/JatAppTmdb.app/$(BUNDLE_EXECUTABLE_FOLDER_PATH)/JatAppTmdb";
			};
			name = Debug;
		};
		ADC6360B2B5C10D500311DF9 /* Release */ = {
			isa = XCBuildConfiguration;
			buildSettings = {
				ALWAYS_EMBED_SWIFT_STANDARD_LIBRARIES = YES;
				BUNDLE_LOADER = "$(TEST_HOST)";
				CODE_SIGN_STYLE = Automatic;
				CURRENT_PROJECT_VERSION = 1;
				GENERATE_INFOPLIST_FILE = YES;
				IPHONEOS_DEPLOYMENT_TARGET = 17.2;
				MACOSX_DEPLOYMENT_TARGET = 14.2;
				MARKETING_VERSION = 1.0;
				PRODUCT_BUNDLE_IDENTIFIER = com.jatapp.interview.JatAppTmdbTests;
				PRODUCT_NAME = "$(TARGET_NAME)";
				SDKROOT = auto;
				SUPPORTED_PLATFORMS = "iphoneos iphonesimulator macosx";
				SWIFT_EMIT_LOC_STRINGS = NO;
				SWIFT_VERSION = 5.0;
				TARGETED_DEVICE_FAMILY = "1,2";
				TEST_HOST = "$(BUILT_PRODUCTS_DIR)/JatAppTmdb.app/$(BUNDLE_EXECUTABLE_FOLDER_PATH)/JatAppTmdb";
			};
			name = Release;
		};
		ADC6360D2B5C10D500311DF9 /* Debug */ = {
			isa = XCBuildConfiguration;
			buildSettings = {
				ALWAYS_EMBED_SWIFT_STANDARD_LIBRARIES = YES;
				CODE_SIGN_STYLE = Automatic;
				CURRENT_PROJECT_VERSION = 1;
				GENERATE_INFOPLIST_FILE = YES;
				IPHONEOS_DEPLOYMENT_TARGET = 17.2;
				MACOSX_DEPLOYMENT_TARGET = 14.2;
				MARKETING_VERSION = 1.0;
				PRODUCT_BUNDLE_IDENTIFIER = com.jatapp.interview.JatAppTmdbUITests;
				PRODUCT_NAME = "$(TARGET_NAME)";
				SDKROOT = auto;
				SUPPORTED_PLATFORMS = "iphoneos iphonesimulator macosx";
				SWIFT_EMIT_LOC_STRINGS = NO;
				SWIFT_VERSION = 5.0;
				TARGETED_DEVICE_FAMILY = "1,2";
				TEST_TARGET_NAME = JatAppTmdb;
			};
			name = Debug;
		};
		ADC6360E2B5C10D500311DF9 /* Release */ = {
			isa = XCBuildConfiguration;
			buildSettings = {
				ALWAYS_EMBED_SWIFT_STANDARD_LIBRARIES = YES;
				CODE_SIGN_STYLE = Automatic;
				CURRENT_PROJECT_VERSION = 1;
				GENERATE_INFOPLIST_FILE = YES;
				IPHONEOS_DEPLOYMENT_TARGET = 17.2;
				MACOSX_DEPLOYMENT_TARGET = 14.2;
				MARKETING_VERSION = 1.0;
				PRODUCT_BUNDLE_IDENTIFIER = com.jatapp.interview.JatAppTmdbUITests;
				PRODUCT_NAME = "$(TARGET_NAME)";
				SDKROOT = auto;
				SUPPORTED_PLATFORMS = "iphoneos iphonesimulator macosx";
				SWIFT_EMIT_LOC_STRINGS = NO;
				SWIFT_VERSION = 5.0;
				TARGETED_DEVICE_FAMILY = "1,2";
				TEST_TARGET_NAME = JatAppTmdb;
			};
			name = Release;
		};
/* End XCBuildConfiguration section */

/* Begin XCConfigurationList section */
		ADC635DC2B5C10D400311DF9 /* Build configuration list for PBXProject "JatAppTmdb" */ = {
			isa = XCConfigurationList;
			buildConfigurations = (
				ADC636042B5C10D500311DF9 /* Debug */,
				ADC636052B5C10D500311DF9 /* Release */,
			);
			defaultConfigurationIsVisible = 0;
			defaultConfigurationName = Release;
		};
		ADC636062B5C10D500311DF9 /* Build configuration list for PBXNativeTarget "JatAppTmdb" */ = {
			isa = XCConfigurationList;
			buildConfigurations = (
				ADC636072B5C10D500311DF9 /* Debug */,
				ADC636082B5C10D500311DF9 /* Release */,
			);
			defaultConfigurationIsVisible = 0;
			defaultConfigurationName = Release;
		};
		ADC636092B5C10D500311DF9 /* Build configuration list for PBXNativeTarget "JatAppTmdbTests" */ = {
			isa = XCConfigurationList;
			buildConfigurations = (
				ADC6360A2B5C10D500311DF9 /* Debug */,
				ADC6360B2B5C10D500311DF9 /* Release */,
			);
			defaultConfigurationIsVisible = 0;
			defaultConfigurationName = Release;
		};
		ADC6360C2B5C10D500311DF9 /* Build configuration list for PBXNativeTarget "JatAppTmdbUITests" */ = {
			isa = XCConfigurationList;
			buildConfigurations = (
				ADC6360D2B5C10D500311DF9 /* Debug */,
				ADC6360E2B5C10D500311DF9 /* Release */,
			);
			defaultConfigurationIsVisible = 0;
			defaultConfigurationName = Release;
		};
/* End XCConfigurationList section */

/* Begin XCRemoteSwiftPackageReference section */
		ADC636162B5C127100311DF9 /* XCRemoteSwiftPackageReference "combine-schedulers" */ = {
			isa = XCRemoteSwiftPackageReference;
			repositoryURL = "https://github.com/pointfreeco/combine-schedulers";
			requirement = {
				kind = upToNextMajorVersion;
				minimumVersion = 1.0.0;
			};
		};
/* End XCRemoteSwiftPackageReference section */

/* Begin XCSwiftPackageProductDependency section */
		ADC636172B5C127100311DF9 /* CombineSchedulers */ = {
			isa = XCSwiftPackageProductDependency;
			package = ADC636162B5C127100311DF9 /* XCRemoteSwiftPackageReference "combine-schedulers" */;
			productName = CombineSchedulers;
		};
/* End XCSwiftPackageProductDependency section */
	};
	rootObject = ADC635D92B5C10D400311DF9 /* Project object */;
}
